
Microsoft Visual Studio Solution File, Format Version 12.00
# Visual Studio Version 17
VisualStudioVersion = 17.9.34607.119
MinimumVisualStudioVersion = 10.0.40219.1
Project("{9A19103F-16F7-4668-BE54-9A1E7A4F7556}") = "Forums.API", "Forums.API\Forums.API.csproj", "{07151867-BD89-4601-977F-FDF8312F0A03}"
EndProject
Project("{9A19103F-16F7-4668-BE54-9A1E7A4F7556}") = "Forums.Storage", "Forums.Storage\Forums.Storage.csproj", "{3A3C8B19-7E13-4ED7-82D0-AD0E6C10BF97}"
EndProject
Project("{9A19103F-16F7-4668-BE54-9A1E7A4F7556}") = "Forums.Domain", "Forums.Domain\Forums.Domain.csproj", "{7344C51F-7C6F-4827-BC22-826151A3471A}"
EndProject
Project("{9A19103F-16F7-4668-BE54-9A1E7A4F7556}") = "Forums.Domain.Tests", "Forums.Domain.Tests\Forums.Domain.Tests.csproj", "{D9C874D3-B426-48EF-8B0A-6E4E70D0FAB5}"
EndProject
Project("{9A19103F-16F7-4668-BE54-9A1E7A4F7556}") = "Forums.Domain.DependencyInjection", "Forums.Domain.DependencyInjection\Forums.Domain.DependencyInjection.csproj", "{4880E99E-E15E-43AB-B883-F172C3E0638B}"
EndProject
Project("{9A19103F-16F7-4668-BE54-9A1E7A4F7556}") = "Forums.Storage.DependencyInjection", "Forums.Storage.DependencyInjection\Forums.Storage.DependencyInjection.csproj", "{AF4411FD-373A-4FBA-81AC-E9626D6854E0}"
EndProject
Project("{2150E333-8FDC-42A3-9474-1A3956D46DE8}") = "Элементы решения", "Элементы решения", "{7F996468-49F0-4C2C-AB12-375AF6EF0D99}"
	ProjectSection(SolutionItems) = preProject
		directory.build.props = directory.build.props
		docker-compose.yml = docker-compose.yml
	EndProjectSection
EndProject
Project("{FAE04EC0-301F-11D3-BF4B-00C04F79EFBC}") = "Forums.E2E", "Forums.E2E\Forums.E2E.csproj", "{BF0CFD91-5285-4505-84E1-3B790D2A4B3E}"
EndProject
Global
	GlobalSection(SolutionConfigurationPlatforms) = preSolution
		Debug|Any CPU = Debug|Any CPU
		Release|Any CPU = Release|Any CPU
	EndGlobalSection
	GlobalSection(ProjectConfigurationPlatforms) = postSolution
		{07151867-BD89-4601-977F-FDF8312F0A03}.Debug|Any CPU.ActiveCfg = Debug|Any CPU
		{07151867-BD89-4601-977F-FDF8312F0A03}.Debug|Any CPU.Build.0 = Debug|Any CPU
		{07151867-BD89-4601-977F-FDF8312F0A03}.Release|Any CPU.ActiveCfg = Release|Any CPU
		{07151867-BD89-4601-977F-FDF8312F0A03}.Release|Any CPU.Build.0 = Release|Any CPU
		{3A3C8B19-7E13-4ED7-82D0-AD0E6C10BF97}.Debug|Any CPU.ActiveCfg = Debug|Any CPU
		{3A3C8B19-7E13-4ED7-82D0-AD0E6C10BF97}.Debug|Any CPU.Build.0 = Debug|Any CPU
		{3A3C8B19-7E13-4ED7-82D0-AD0E6C10BF97}.Release|Any CPU.ActiveCfg = Release|Any CPU
		{3A3C8B19-7E13-4ED7-82D0-AD0E6C10BF97}.Release|Any CPU.Build.0 = Release|Any CPU
		{7344C51F-7C6F-4827-BC22-826151A3471A}.Debug|Any CPU.ActiveCfg = Debug|Any CPU
		{7344C51F-7C6F-4827-BC22-826151A3471A}.Debug|Any CPU.Build.0 = Debug|Any CPU
		{7344C51F-7C6F-4827-BC22-826151A3471A}.Release|Any CPU.ActiveCfg = Release|Any CPU
		{7344C51F-7C6F-4827-BC22-826151A3471A}.Release|Any CPU.Build.0 = Release|Any CPU
		{D9C874D3-B426-48EF-8B0A-6E4E70D0FAB5}.Debug|Any CPU.ActiveCfg = Debug|Any CPU
		{D9C874D3-B426-48EF-8B0A-6E4E70D0FAB5}.Debug|Any CPU.Build.0 = Debug|Any CPU
		{D9C874D3-B426-48EF-8B0A-6E4E70D0FAB5}.Release|Any CPU.ActiveCfg = Release|Any CPU
		{D9C874D3-B426-48EF-8B0A-6E4E70D0FAB5}.Release|Any CPU.Build.0 = Release|Any CPU
		{4880E99E-E15E-43AB-B883-F172C3E0638B}.Debug|Any CPU.ActiveCfg = Debug|Any CPU
		{4880E99E-E15E-43AB-B883-F172C3E0638B}.Debug|Any CPU.Build.0 = Debug|Any CPU
		{4880E99E-E15E-43AB-B883-F172C3E0638B}.Release|Any CPU.ActiveCfg = Release|Any CPU
		{4880E99E-E15E-43AB-B883-F172C3E0638B}.Release|Any CPU.Build.0 = Release|Any CPU
		{AF4411FD-373A-4FBA-81AC-E9626D6854E0}.Debug|Any CPU.ActiveCfg = Debug|Any CPU
		{AF4411FD-373A-4FBA-81AC-E9626D6854E0}.Debug|Any CPU.Build.0 = Debug|Any CPU
		{AF4411FD-373A-4FBA-81AC-E9626D6854E0}.Release|Any CPU.ActiveCfg = Release|Any CPU
		{AF4411FD-373A-4FBA-81AC-E9626D6854E0}.Release|Any CPU.Build.0 = Release|Any CPU
		{BF0CFD91-5285-4505-84E1-3B790D2A4B3E}.Debug|Any CPU.ActiveCfg = Debug|Any CPU
		{BF0CFD91-5285-4505-84E1-3B790D2A4B3E}.Debug|Any CPU.Build.0 = Debug|Any CPU
		{BF0CFD91-5285-4505-84E1-3B790D2A4B3E}.Release|Any CPU.ActiveCfg = Release|Any CPU
		{BF0CFD91-5285-4505-84E1-3B790D2A4B3E}.Release|Any CPU.Build.0 = Release|Any CPU
	EndGlobalSection
	GlobalSection(SolutionProperties) = preSolution
		HideSolutionNode = FALSE
	EndGlobalSection
	GlobalSection(ExtensibilityGlobals) = postSolution
		SolutionGuid = {79583910-720A-49BB-AB6C-6B1D62D8AF59}
	EndGlobalSection
EndGlobal
