
Microsoft Visual Studio Solution File, Format Version 12.00
# Visual Studio Version 17
VisualStudioVersion = 17.9.34607.119
MinimumVisualStudioVersion = 10.0.40219.1
Project("{FAE04EC0-301F-11D3-BF4B-00C04F79EFBC}") = "Forum.API", "Forum.API\Forum.API.csproj", "{07151867-BD89-4601-977F-FDF8312F0A03}"
EndProject
Global
	GlobalSection(SolutionConfigurationPlatforms) = preSolution
		Debug|Any CPU = Debug|Any CPU
		Release|Any CPU = Release|Any CPU
	EndGlobalSection
	GlobalSection(ProjectConfigurationPlatforms) = postSolution
		{07151867-BD89-4601-977F-FDF8312F0A03}.Debug|Any CPU.ActiveCfg = Debug|Any CPU
		{07151867-BD89-4601-977F-FDF8312F0A03}.Debug|Any CPU.Build.0 = Debug|Any CPU
		{07151867-BD89-4601-977F-FDF8312F0A03}.Release|Any CPU.ActiveCfg = Release|Any CPU
		{07151867-BD89-4601-977F-FDF8312F0A03}.Release|Any CPU.Build.0 = Release|Any CPU
	EndGlobalSection
	GlobalSection(SolutionProperties) = preSolution
		HideSolutionNode = FALSE
	EndGlobalSection
	GlobalSection(ExtensibilityGlobals) = postSolution
		SolutionGuid = {79583910-720A-49BB-AB6C-6B1D62D8AF59}
	EndGlobalSection
EndGlobal
